
Microsoft Visual Studio Solution File, Format Version 12.00
# Visual Studio Version 17
VisualStudioVersion = 17.7.34024.191
MinimumVisualStudioVersion = 10.0.40219.1
Project("{FAE04EC0-301F-11D3-BF4B-00C04F79EFBC}") = "Tumakov_8", "Tumakov_8\Tumakov_8.csproj", "{68379220-4EEF-4B6D-BFA5-A42F16817C9C}"
EndProject
Global
	GlobalSection(SolutionConfigurationPlatforms) = preSolution
		Debug|Any CPU = Debug|Any CPU
		Release|Any CPU = Release|Any CPU
	EndGlobalSection
	GlobalSection(ProjectConfigurationPlatforms) = postSolution
		{68379220-4EEF-4B6D-BFA5-A42F16817C9C}.Debug|Any CPU.ActiveCfg = Debug|Any CPU
		{68379220-4EEF-4B6D-BFA5-A42F16817C9C}.Debug|Any CPU.Build.0 = Debug|Any CPU
		{68379220-4EEF-4B6D-BFA5-A42F16817C9C}.Release|Any CPU.ActiveCfg = Release|Any CPU
		{68379220-4EEF-4B6D-BFA5-A42F16817C9C}.Release|Any CPU.Build.0 = Release|Any CPU
	EndGlobalSection
	GlobalSection(SolutionProperties) = preSolution
		HideSolutionNode = FALSE
	EndGlobalSection
	GlobalSection(ExtensibilityGlobals) = postSolution
		SolutionGuid = {3CB45463-1674-47E1-849B-AD49AD964D88}
	EndGlobalSection
EndGlobal
